{
    "requires": true,
    "lockfileVersion": 1,
    "dependencies": {
        "@jkryszto/mdb-for-laravel": {
            "version": "1.0.0",
            "resolved": "https://registry.npmjs.org/@jkryszto/mdb-for-laravel/-/mdb-for-laravel-1.0.0.tgz",
            "integrity": "sha512-ZPGvHN8uVoFHzVFtstB1L4v+aWqXQCYzVFNTxo6oxlDxRkpumUd9cuwQhQientHH3E/o+JOqSQcu9wDbwqOj0Q=="
        }
    }
}
